{
  "name": "bitwig-webpack-plugin",
  "version": "1.1.2",
  "lockfileVersion": 1,
  "requires": true,
  "dependencies": {
    "webpack-sources": {
      "version": "3.1.2",
      "resolved": "https://registry.npmjs.org/webpack-sources/-/webpack-sources-3.1.2.tgz",
      "integrity": "sha512-//DeuK5SzM6yFRXNOGK+4tX7QB8PghkL8kFBPyqSlN62oJOUkmby8ptV7+IBGH6BkIuIw5Rjd7OvvwZaoiF4ag=="
    }
  }
}
